
Microsoft Visual Studio Solution File, Format Version 12.00
# Visual Studio Version 17
VisualStudioVersion = 17.0.31912.275
MinimumVisualStudioVersion = 10.0.40219.1
Project("{9A19103F-16F7-4668-BE54-9A1E7A4F7556}") = "Buttons", "..\Buttons\Buttons.csproj", "{4BB1CFD2-D5B9-4A85-9688-7A673542B47E}"
EndProject
Project("{FAE04EC0-301F-11D3-BF4B-00C04F79EFBC}") = "Calculator", "Calculator.csproj", "{CEB884D1-7F67-49A3-85CE-C430727B2F44}"
EndProject
Global
	GlobalSection(SolutionConfigurationPlatforms) = preSolution
		Debug|Any CPU = Debug|Any CPU
		Release|Any CPU = Release|Any CPU
	EndGlobalSection
	GlobalSection(ProjectConfigurationPlatforms) = postSolution
		{4BB1CFD2-D5B9-4A85-9688-7A673542B47E}.Debug|Any CPU.ActiveCfg = Debug|Any CPU
		{4BB1CFD2-D5B9-4A85-9688-7A673542B47E}.Debug|Any CPU.Build.0 = Debug|Any CPU
		{4BB1CFD2-D5B9-4A85-9688-7A673542B47E}.Release|Any CPU.ActiveCfg = Release|Any CPU
		{4BB1CFD2-D5B9-4A85-9688-7A673542B47E}.Release|Any CPU.Build.0 = Release|Any CPU
		{CEB884D1-7F67-49A3-85CE-C430727B2F44}.Debug|Any CPU.ActiveCfg = Debug|Any CPU
		{CEB884D1-7F67-49A3-85CE-C430727B2F44}.Debug|Any CPU.Build.0 = Debug|Any CPU
		{CEB884D1-7F67-49A3-85CE-C430727B2F44}.Release|Any CPU.ActiveCfg = Release|Any CPU
		{CEB884D1-7F67-49A3-85CE-C430727B2F44}.Release|Any CPU.Build.0 = Release|Any CPU
	EndGlobalSection
	GlobalSection(SolutionProperties) = preSolution
		HideSolutionNode = FALSE
	EndGlobalSection
	GlobalSection(ExtensibilityGlobals) = postSolution
		SolutionGuid = {4BFA6E13-0378-4508-B590-66A8B1AA1E22}
	EndGlobalSection
EndGlobal
